// !$*UTF8*$!
{
	archiveVersion = 1;
	classes = {
	};
	objectVersion = 48;
	objects = {

/* Begin PBXBuildFile section */
		9FF6450C208080FA00AF291B /* AppDelegate.swift in Sources */ = {isa = PBXBuildFile; fileRef = 9FF6450B208080FA00AF291B /* AppDelegate.swift */; };
		9FF6450E208080FA00AF291B /* ViewController.swift in Sources */ = {isa = PBXBuildFile; fileRef = 9FF6450D208080FA00AF291B /* ViewController.swift */; };
		9FF64511208080FA00AF291B /* Main.storyboard in Resources */ = {isa = PBXBuildFile; fileRef = 9FF6450F208080FA00AF291B /* Main.storyboard */; };
		9FF64513208080FA00AF291B /* Assets.xcassets in Resources */ = {isa = PBXBuildFile; fileRef = 9FF64512208080FA00AF291B /* Assets.xcassets */; };
		9FF64516208080FA00AF291B /* LaunchScreen.storyboard in Resources */ = {isa = PBXBuildFile; fileRef = 9FF64514208080FA00AF291B /* LaunchScreen.storyboard */; };
		9FF64521208080FA00AF291B /* TechMonsterTests.swift in Sources */ = {isa = PBXBuildFile; fileRef = 9FF64520208080FA00AF291B /* TechMonsterTests.swift */; };
		9FF6452C208080FA00AF291B /* TechMonsterUITests.swift in Sources */ = {isa = PBXBuildFile; fileRef = 9FF6452B208080FA00AF291B /* TechMonsterUITests.swift */; };
		9FF645502080813000AF291B /* lobby.png in Resources */ = {isa = PBXBuildFile; fileRef = 9FF6453B2080813000AF291B /* lobby.png */; };
		9FF645512080813000AF291B /* battlebg.png in Resources */ = {isa = PBXBuildFile; fileRef = 9FF6453C2080813000AF291B /* battlebg.png */; };
		9FF645522080813000AF291B /* bgimage.jpg in Resources */ = {isa = PBXBuildFile; fileRef = 9FF6453D2080813000AF291B /* bgimage.jpg */; };
		9FF645532080813000AF291B /* waku.png in Resources */ = {isa = PBXBuildFile; fileRef = 9FF6453E2080813000AF291B /* waku.png */; };
		9FF645542080813000AF291B /* gold_button.png in Resources */ = {isa = PBXBuildFile; fileRef = 9FF6453F2080813000AF291B /* gold_button.png */; };
		9FF645552080813000AF291B /* yusya.png in Resources */ = {isa = PBXBuildFile; fileRef = 9FF645402080813000AF291B /* yusya.png */; };
		9FF645562080813000AF291B /* monster.png in Resources */ = {isa = PBXBuildFile; fileRef = 9FF645412080813000AF291B /* monster.png */; };
		9FF645572080813000AF291B /* Enemy.swift in Sources */ = {isa = PBXBuildFile; fileRef = 9FF645432080813000AF291B /* Enemy.swift */; };
		9FF645582080813000AF291B /* TechDraUtil.swift in Sources */ = {isa = PBXBuildFile; fileRef = 9FF645442080813000AF291B /* TechDraUtil.swift */; };
		9FF645592080813000AF291B /* Player.swift in Sources */ = {isa = PBXBuildFile; fileRef = 9FF645452080813000AF291B /* Player.swift */; };
		9FF6455A2080813000AF291B /* SE_fanfare.mp3 in Resources */ = {isa = PBXBuildFile; fileRef = 9FF645472080813000AF291B /* SE_fanfare.mp3 */; };
		9FF6455B2080813000AF291B /* BGM_battle001.mp3 in Resources */ = {isa = PBXBuildFile; fileRef = 9FF645482080813000AF291B /* BGM_battle001.mp3 */; };
		9FF6455C2080813000AF291B /* SE_fire.mp3 in Resources */ = {isa = PBXBuildFile; fileRef = 9FF645492080813000AF291B /* SE_fire.mp3 */; };
		9FF6455D2080813000AF291B /* SE_attack.mp3 in Resources */ = {isa = PBXBuildFile; fileRef = 9FF6454A2080813000AF291B /* SE_attack.mp3 */; };
		9FF6455E2080813000AF291B /* SE_gameover.mp3 in Resources */ = {isa = PBXBuildFile; fileRef = 9FF6454B2080813000AF291B /* SE_gameover.mp3 */; };
		9FF6455F2080813000AF291B /* SE_charge.mp3 in Resources */ = {isa = PBXBuildFile; fileRef = 9FF6454C2080813000AF291B /* SE_charge.mp3 */; };
		9FF645602080813000AF291B /* lobby.mp3 in Resources */ = {isa = PBXBuildFile; fileRef = 9FF6454D2080813000AF291B /* lobby.mp3 */; };
		9FF645612080813000AF291B /* misaki_gothic.ttf in Resources */ = {isa = PBXBuildFile; fileRef = 9FF6454F2080813000AF291B /* misaki_gothic.ttf */; };
		9FF64563208084A300AF291B /* LobbyViewController.swift in Sources */ = {isa = PBXBuildFile; fileRef = 9FF64562208084A300AF291B /* LobbyViewController.swift */; };
		9FF64565208084E100AF291B /* BattleViewController.swift in Sources */ = {isa = PBXBuildFile; fileRef = 9FF64564208084E100AF291B /* BattleViewController.swift */; };
/* End PBXBuildFile section */

/* Begin PBXContainerItemProxy section */
		9FF6451D208080FA00AF291B /* PBXContainerItemProxy */ = {
			isa = PBXContainerItemProxy;
			containerPortal = 9FF64500208080FA00AF291B /* Project object */;
			proxyType = 1;
			remoteGlobalIDString = 9FF64507208080FA00AF291B;
			remoteInfo = TechMonster;
		};
		9FF64528208080FA00AF291B /* PBXContainerItemProxy */ = {
			isa = PBXContainerItemProxy;
			containerPortal = 9FF64500208080FA00AF291B /* Project object */;
			proxyType = 1;
			remoteGlobalIDString = 9FF64507208080FA00AF291B;
			remoteInfo = TechMonster;
		};
/* End PBXContainerItemProxy section */

/* Begin PBXFileReference section */
		9FF64508208080FA00AF291B /* TechMonster.app */ = {isa = PBXFileReference; explicitFileType = wrapper.application; includeInIndex = 0; path = TechMonster.app; sourceTree = BUILT_PRODUCTS_DIR; };
		9FF6450B208080FA00AF291B /* AppDelegate.swift */ = {isa = PBXFileReference; lastKnownFileType = sourcecode.swift; path = AppDelegate.swift; sourceTree = "<group>"; };
		9FF6450D208080FA00AF291B /* ViewController.swift */ = {isa = PBXFileReference; lastKnownFileType = sourcecode.swift; path = ViewController.swift; sourceTree = "<group>"; };
		9FF64510208080FA00AF291B /* Base */ = {isa = PBXFileReference; lastKnownFileType = file.storyboard; name = Base; path = Base.lproj/Main.storyboard; sourceTree = "<group>"; };
		9FF64512208080FA00AF291B /* Assets.xcassets */ = {isa = PBXFileReference; lastKnownFileType = folder.assetcatalog; path = Assets.xcassets; sourceTree = "<group>"; };
		9FF64515208080FA00AF291B /* Base */ = {isa = PBXFileReference; lastKnownFileType = file.storyboard; name = Base; path = Base.lproj/LaunchScreen.storyboard; sourceTree = "<group>"; };
		9FF64517208080FA00AF291B /* Info.plist */ = {isa = PBXFileReference; lastKnownFileType = text.plist.xml; path = Info.plist; sourceTree = "<group>"; };
		9FF6451C208080FA00AF291B /* TechMonsterTests.xctest */ = {isa = PBXFileReference; explicitFileType = wrapper.cfbundle; includeInIndex = 0; path = TechMonsterTests.xctest; sourceTree = BUILT_PRODUCTS_DIR; };
		9FF64520208080FA00AF291B /* TechMonsterTests.swift */ = {isa = PBXFileReference; lastKnownFileType = sourcecode.swift; path = TechMonsterTests.swift; sourceTree = "<group>"; };
		9FF64522208080FA00AF291B /* Info.plist */ = {isa = PBXFileReference; lastKnownFileType = text.plist.xml; path = Info.plist; sourceTree = "<group>"; };
		9FF64527208080FA00AF291B /* TechMonsterUITests.xctest */ = {isa = PBXFileReference; explicitFileType = wrapper.cfbundle; includeInIndex = 0; path = TechMonsterUITests.xctest; sourceTree = BUILT_PRODUCTS_DIR; };
		9FF6452B208080FA00AF291B /* TechMonsterUITests.swift */ = {isa = PBXFileReference; lastKnownFileType = sourcecode.swift; path = TechMonsterUITests.swift; sourceTree = "<group>"; };
		9FF6452D208080FA00AF291B /* Info.plist */ = {isa = PBXFileReference; lastKnownFileType = text.plist.xml; path = Info.plist; sourceTree = "<group>"; };
		9FF6453B2080813000AF291B /* lobby.png */ = {isa = PBXFileReference; lastKnownFileType = image.png; path = lobby.png; sourceTree = "<group>"; };
		9FF6453C2080813000AF291B /* battlebg.png */ = {isa = PBXFileReference; lastKnownFileType = image.png; path = battlebg.png; sourceTree = "<group>"; };
		9FF6453D2080813000AF291B /* bgimage.jpg */ = {isa = PBXFileReference; lastKnownFileType = image.jpeg; path = bgimage.jpg; sourceTree = "<group>"; };
		9FF6453E2080813000AF291B /* waku.png */ = {isa = PBXFileReference; lastKnownFileType = image.png; path = waku.png; sourceTree = "<group>"; };
		9FF6453F2080813000AF291B /* gold_button.png */ = {isa = PBXFileReference; lastKnownFileType = image.png; path = gold_button.png; sourceTree = "<group>"; };
		9FF645402080813000AF291B /* yusya.png */ = {isa = PBXFileReference; lastKnownFileType = image.png; path = yusya.png; sourceTree = "<group>"; };
		9FF645412080813000AF291B /* monster.png */ = {isa = PBXFileReference; lastKnownFileType = image.png; path = monster.png; sourceTree = "<group>"; };
		9FF645432080813000AF291B /* Enemy.swift */ = {isa = PBXFileReference; fileEncoding = 4; lastKnownFileType = sourcecode.swift; path = Enemy.swift; sourceTree = "<group>"; };
		9FF645442080813000AF291B /* TechDraUtil.swift */ = {isa = PBXFileReference; fileEncoding = 4; lastKnownFileType = sourcecode.swift; path = TechDraUtil.swift; sourceTree = "<group>"; };
		9FF645452080813000AF291B /* Player.swift */ = {isa = PBXFileReference; fileEncoding = 4; lastKnownFileType = sourcecode.swift; path = Player.swift; sourceTree = "<group>"; };
		9FF645472080813000AF291B /* SE_fanfare.mp3 */ = {isa = PBXFileReference; lastKnownFileType = audio.mp3; path = SE_fanfare.mp3; sourceTree = "<group>"; };
		9FF645482080813000AF291B /* BGM_battle001.mp3 */ = {isa = PBXFileReference; lastKnownFileType = audio.mp3; path = BGM_battle001.mp3; sourceTree = "<group>"; };
		9FF645492080813000AF291B /* SE_fire.mp3 */ = {isa = PBXFileReference; lastKnownFileType = audio.mp3; path = SE_fire.mp3; sourceTree = "<group>"; };
		9FF6454A2080813000AF291B /* SE_attack.mp3 */ = {isa = PBXFileReference; lastKnownFileType = audio.mp3; path = SE_attack.mp3; sourceTree = "<group>"; };
		9FF6454B2080813000AF291B /* SE_gameover.mp3 */ = {isa = PBXFileReference; lastKnownFileType = audio.mp3; path = SE_gameover.mp3; sourceTree = "<group>"; };
		9FF6454C2080813000AF291B /* SE_charge.mp3 */ = {isa = PBXFileReference; lastKnownFileType = audio.mp3; path = SE_charge.mp3; sourceTree = "<group>"; };
		9FF6454D2080813000AF291B /* lobby.mp3 */ = {isa = PBXFileReference; lastKnownFileType = audio.mp3; path = lobby.mp3; sourceTree = "<group>"; };
		9FF6454F2080813000AF291B /* misaki_gothic.ttf */ = {isa = PBXFileReference; lastKnownFileType = file; path = misaki_gothic.ttf; sourceTree = "<group>"; };
		9FF64562208084A300AF291B /* LobbyViewController.swift */ = {isa = PBXFileReference; lastKnownFileType = sourcecode.swift; path = LobbyViewController.swift; sourceTree = "<group>"; };
		9FF64564208084E100AF291B /* BattleViewController.swift */ = {isa = PBXFileReference; lastKnownFileType = sourcecode.swift; path = BattleViewController.swift; sourceTree = "<group>"; };
/* End PBXFileReference section */

/* Begin PBXFrameworksBuildPhase section */
		9FF64505208080FA00AF291B /* Frameworks */ = {
			isa = PBXFrameworksBuildPhase;
			buildActionMask = 2147483647;
			files = (
			);
			runOnlyForDeploymentPostprocessing = 0;
		};
		9FF64519208080FA00AF291B /* Frameworks */ = {
			isa = PBXFrameworksBuildPhase;
			buildActionMask = 2147483647;
			files = (
			);
			runOnlyForDeploymentPostprocessing = 0;
		};
		9FF64524208080FA00AF291B /* Frameworks */ = {
			isa = PBXFrameworksBuildPhase;
			buildActionMask = 2147483647;
			files = (
			);
			runOnlyForDeploymentPostprocessing = 0;
		};
/* End PBXFrameworksBuildPhase section */

/* Begin PBXGroup section */
		9FF644FF208080FA00AF291B = {
			isa = PBXGroup;
			children = (
				9FF645392080813000AF291B /* TechMon_Resources */,
				9FF6450A208080FA00AF291B /* TechMonster */,
				9FF6451F208080FA00AF291B /* TechMonsterTests */,
				9FF6452A208080FA00AF291B /* TechMonsterUITests */,
				9FF64509208080FA00AF291B /* Products */,
			);
			sourceTree = "<group>";
		};
		9FF64509208080FA00AF291B /* Products */ = {
			isa = PBXGroup;
			children = (
				9FF64508208080FA00AF291B /* TechMonster.app */,
				9FF6451C208080FA00AF291B /* TechMonsterTests.xctest */,
				9FF64527208080FA00AF291B /* TechMonsterUITests.xctest */,
			);
			name = Products;
			sourceTree = "<group>";
		};
		9FF6450A208080FA00AF291B /* TechMonster */ = {
			isa = PBXGroup;
			children = (
				9FF6450B208080FA00AF291B /* AppDelegate.swift */,
				9FF6450D208080FA00AF291B /* ViewController.swift */,
				9FF64562208084A300AF291B /* LobbyViewController.swift */,
				9FF64564208084E100AF291B /* BattleViewController.swift */,
				9FF6450F208080FA00AF291B /* Main.storyboard */,
				9FF64512208080FA00AF291B /* Assets.xcassets */,
				9FF64514208080FA00AF291B /* LaunchScreen.storyboard */,
				9FF64517208080FA00AF291B /* Info.plist */,
			);
			path = TechMonster;
			sourceTree = "<group>";
		};
		9FF6451F208080FA00AF291B /* TechMonsterTests */ = {
			isa = PBXGroup;
			children = (
				9FF64520208080FA00AF291B /* TechMonsterTests.swift */,
				9FF64522208080FA00AF291B /* Info.plist */,
			);
			path = TechMonsterTests;
			sourceTree = "<group>";
		};
		9FF6452A208080FA00AF291B /* TechMonsterUITests */ = {
			isa = PBXGroup;
			children = (
				9FF6452B208080FA00AF291B /* TechMonsterUITests.swift */,
				9FF6452D208080FA00AF291B /* Info.plist */,
			);
			path = TechMonsterUITests;
			sourceTree = "<group>";
		};
		9FF645392080813000AF291B /* TechMon_Resources */ = {
			isa = PBXGroup;
			children = (
				9FF6453A2080813000AF291B /* Images */,
				9FF645422080813000AF291B /* Models */,
				9FF645462080813000AF291B /* Sounds */,
				9FF6454E2080813000AF291B /* Fonts */,
			);
			name = TechMon_Resources;
			path = ../TechMon_Resources;
			sourceTree = "<group>";
		};
		9FF6453A2080813000AF291B /* Images */ = {
			isa = PBXGroup;
			children = (
				9FF6453B2080813000AF291B /* lobby.png */,
				9FF6453C2080813000AF291B /* battlebg.png */,
				9FF6453D2080813000AF291B /* bgimage.jpg */,
				9FF6453E2080813000AF291B /* waku.png */,
				9FF6453F2080813000AF291B /* gold_button.png */,
				9FF645402080813000AF291B /* yusya.png */,
				9FF645412080813000AF291B /* monster.png */,
			);
			path = Images;
			sourceTree = "<group>";
		};
		9FF645422080813000AF291B /* Models */ = {
			isa = PBXGroup;
			children = (
				9FF645432080813000AF291B /* Enemy.swift */,
				9FF645442080813000AF291B /* TechDraUtil.swift */,
				9FF645452080813000AF291B /* Player.swift */,
			);
			path = Models;
			sourceTree = "<group>";
		};
		9FF645462080813000AF291B /* Sounds */ = {
			isa = PBXGroup;
			children = (
				9FF645472080813000AF291B /* SE_fanfare.mp3 */,
				9FF645482080813000AF291B /* BGM_battle001.mp3 */,
				9FF645492080813000AF291B /* SE_fire.mp3 */,
				9FF6454A2080813000AF291B /* SE_attack.mp3 */,
				9FF6454B2080813000AF291B /* SE_gameover.mp3 */,
				9FF6454C2080813000AF291B /* SE_charge.mp3 */,
				9FF6454D2080813000AF291B /* lobby.mp3 */,
			);
			path = Sounds;
			sourceTree = "<group>";
		};
		9FF6454E2080813000AF291B /* Fonts */ = {
			isa = PBXGroup;
			children = (
				9FF6454F2080813000AF291B /* misaki_gothic.ttf */,
			);
			path = Fonts;
			sourceTree = "<group>";
		};
/* End PBXGroup section */

/* Begin PBXNativeTarget section */
		9FF64507208080FA00AF291B /* TechMonster */ = {
			isa = PBXNativeTarget;
			buildConfigurationList = 9FF64530208080FA00AF291B /* Build configuration list for PBXNativeTarget "TechMonster" */;
			buildPhases = (
				9FF64504208080FA00AF291B /* Sources */,
				9FF64505208080FA00AF291B /* Frameworks */,
				9FF64506208080FA00AF291B /* Resources */,
			);
			buildRules = (
			);
			dependencies = (
			);
			name = TechMonster;
			productName = TechMonster;
			productReference = 9FF64508208080FA00AF291B /* TechMonster.app */;
			productType = "com.apple.product-type.application";
		};
		9FF6451B208080FA00AF291B /* TechMonsterTests */ = {
			isa = PBXNativeTarget;
			buildConfigurationList = 9FF64533208080FA00AF291B /* Build configuration list for PBXNativeTarget "TechMonsterTests" */;
			buildPhases = (
				9FF64518208080FA00AF291B /* Sources */,
				9FF64519208080FA00AF291B /* Frameworks */,
				9FF6451A208080FA00AF291B /* Resources */,
			);
			buildRules = (
			);
			dependencies = (
				9FF6451E208080FA00AF291B /* PBXTargetDependency */,
			);
			name = TechMonsterTests;
			productName = TechMonsterTests;
			productReference = 9FF6451C208080FA00AF291B /* TechMonsterTests.xctest */;
			productType = "com.apple.product-type.bundle.unit-test";
		};
		9FF64526208080FA00AF291B /* TechMonsterUITests */ = {
			isa = PBXNativeTarget;
			buildConfigurationList = 9FF64536208080FA00AF291B /* Build configuration list for PBXNativeTarget "TechMonsterUITests" */;
			buildPhases = (
				9FF64523208080FA00AF291B /* Sources */,
				9FF64524208080FA00AF291B /* Frameworks */,
				9FF64525208080FA00AF291B /* Resources */,
			);
			buildRules = (
			);
			dependencies = (
				9FF64529208080FA00AF291B /* PBXTargetDependency */,
			);
			name = TechMonsterUITests;
			productName = TechMonsterUITests;
			productReference = 9FF64527208080FA00AF291B /* TechMonsterUITests.xctest */;
			productType = "com.apple.product-type.bundle.ui-testing";
		};
/* End PBXNativeTarget section */

/* Begin PBXProject section */
		9FF64500208080FA00AF291B /* Project object */ = {
			isa = PBXProject;
			attributes = {
				LastSwiftUpdateCheck = 0920;
				LastUpgradeCheck = 0920;
				ORGANIZATIONNAME = "田嶋智洋";
				TargetAttributes = {
					9FF64507208080FA00AF291B = {
						CreatedOnToolsVersion = 9.2;
						ProvisioningStyle = Automatic;
					};
					9FF6451B208080FA00AF291B = {
						CreatedOnToolsVersion = 9.2;
						ProvisioningStyle = Automatic;
						TestTargetID = 9FF64507208080FA00AF291B;
					};
					9FF64526208080FA00AF291B = {
						CreatedOnToolsVersion = 9.2;
						ProvisioningStyle = Automatic;
						TestTargetID = 9FF64507208080FA00AF291B;
					};
				};
			};
			buildConfigurationList = 9FF64503208080FA00AF291B /* Build configuration list for PBXProject "TechMonster" */;
			compatibilityVersion = "Xcode 8.0";
			developmentRegion = en;
			hasScannedForEncodings = 0;
			knownRegions = (
				en,
				Base,
			);
			mainGroup = 9FF644FF208080FA00AF291B;
			productRefGroup = 9FF64509208080FA00AF291B /* Products */;
			projectDirPath = "";
			projectRoot = "";
			targets = (
				9FF64507208080FA00AF291B /* TechMonster */,
				9FF6451B208080FA00AF291B /* TechMonsterTests */,
				9FF64526208080FA00AF291B /* TechMonsterUITests */,
			);
		};
/* End PBXProject section */

/* Begin PBXResourcesBuildPhase section */
		9FF64506208080FA00AF291B /* Resources */ = {
			isa = PBXResourcesBuildPhase;
			buildActionMask = 2147483647;
			files = (
				9FF645552080813000AF291B /* yusya.png in Resources */,
				9FF645522080813000AF291B /* bgimage.jpg in Resources */,
				9FF645532080813000AF291B /* waku.png in Resources */,
				9FF6455A2080813000AF291B /* SE_fanfare.mp3 in Resources */,
				9FF645502080813000AF291B /* lobby.png in Resources */,
				9FF645542080813000AF291B /* gold_button.png in Resources */,
				9FF6455D2080813000AF291B /* SE_attack.mp3 in Resources */,
				9FF64516208080FA00AF291B /* LaunchScreen.storyboard in Resources */,
				9FF645602080813000AF291B /* lobby.mp3 in Resources */,
				9FF64513208080FA00AF291B /* Assets.xcassets in Resources */,
				9FF645612080813000AF291B /* misaki_gothic.ttf in Resources */,
				9FF6455E2080813000AF291B /* SE_gameover.mp3 in Resources */,
				9FF645512080813000AF291B /* battlebg.png in Resources */,
				9FF6455B2080813000AF291B /* BGM_battle001.mp3 in Resources */,
				9FF6455F2080813000AF291B /* SE_charge.mp3 in Resources */,
				9FF6455C2080813000AF291B /* SE_fire.mp3 in Resources */,
				9FF645562080813000AF291B /* monster.png in Resources */,
				9FF64511208080FA00AF291B /* Main.storyboard in Resources */,
			);
			runOnlyForDeploymentPostprocessing = 0;
		};
		9FF6451A208080FA00AF291B /* Resources */ = {
			isa = PBXResourcesBuildPhase;
			buildActionMask = 2147483647;
			files = (
			);
			runOnlyForDeploymentPostprocessing = 0;
		};
		9FF64525208080FA00AF291B /* Resources */ = {
			isa = PBXResourcesBuildPhase;
			buildActionMask = 2147483647;
			files = (
			);
			runOnlyForDeploymentPostprocessing = 0;
		};
/* End PBXResourcesBuildPhase section */

/* Begin PBXSourcesBuildPhase section */
		9FF64504208080FA00AF291B /* Sources */ = {
			isa = PBXSourcesBuildPhase;
			buildActionMask = 2147483647;
			files = (
				9FF64565208084E100AF291B /* BattleViewController.swift in Sources */,
				9FF6450E208080FA00AF291B /* ViewController.swift in Sources */,
				9FF645582080813000AF291B /* TechDraUtil.swift in Sources */,
				9FF6450C208080FA00AF291B /* AppDelegate.swift in Sources */,
				9FF64563208084A300AF291B /* LobbyViewController.swift in Sources */,
				9FF645592080813000AF291B /* Player.swift in Sources */,
				9FF645572080813000AF291B /* Enemy.swift in Sources */,
			);
			runOnlyForDeploymentPostprocessing = 0;
		};
		9FF64518208080FA00AF291B /* Sources */ = {
			isa = PBXSourcesBuildPhase;
			buildActionMask = 2147483647;
			files = (
				9FF64521208080FA00AF291B /* TechMonsterTests.swift in Sources */,
			);
			runOnlyForDeploymentPostprocessing = 0;
		};
		9FF64523208080FA00AF291B /* Sources */ = {
			isa = PBXSourcesBuildPhase;
			buildActionMask = 2147483647;
			files = (
				9FF6452C208080FA00AF291B /* TechMonsterUITests.swift in Sources */,
			);
			runOnlyForDeploymentPostprocessing = 0;
		};
/* End PBXSourcesBuildPhase section */

/* Begin PBXTargetDependency section */
		9FF6451E208080FA00AF291B /* PBXTargetDependency */ = {
			isa = PBXTargetDependency;
			target = 9FF64507208080FA00AF291B /* TechMonster */;
			targetProxy = 9FF6451D208080FA00AF291B /* PBXContainerItemProxy */;
		};
		9FF64529208080FA00AF291B /* PBXTargetDependency */ = {
			isa = PBXTargetDependency;
			target = 9FF64507208080FA00AF291B /* TechMonster */;
			targetProxy = 9FF64528208080FA00AF291B /* PBXContainerItemProxy */;
		};
/* End PBXTargetDependency section */

/* Begin PBXVariantGroup section */
		9FF6450F208080FA00AF291B /* Main.storyboard */ = {
			isa = PBXVariantGroup;
			children = (
				9FF64510208080FA00AF291B /* Base */,
			);
			name = Main.storyboard;
			sourceTree = "<group>";
		};
		9FF64514208080FA00AF291B /* LaunchScreen.storyboard */ = {
			isa = PBXVariantGroup;
			children = (
				9FF64515208080FA00AF291B /* Base */,
			);
			name = LaunchScreen.storyboard;
			sourceTree = "<group>";
		};
/* End PBXVariantGroup section */

/* Begin XCBuildConfiguration section */
		9FF6452E208080FA00AF291B /* Debug */ = {
			isa = XCBuildConfiguration;
			buildSettings = {
				ALWAYS_SEARCH_USER_PATHS = NO;
				CLANG_ANALYZER_NONNULL = YES;
				CLANG_ANALYZER_NUMBER_OBJECT_CONVERSION = YES_AGGRESSIVE;
				CLANG_CXX_LANGUAGE_STANDARD = "gnu++14";
				CLANG_CXX_LIBRARY = "libc++";
				CLANG_ENABLE_MODULES = YES;
				CLANG_ENABLE_OBJC_ARC = YES;
				CLANG_WARN_BLOCK_CAPTURE_AUTORELEASING = YES;
				CLANG_WARN_BOOL_CONVERSION = YES;
				CLANG_WARN_COMMA = YES;
				CLANG_WARN_CONSTANT_CONVERSION = YES;
				CLANG_WARN_DIRECT_OBJC_ISA_USAGE = YES_ERROR;
				CLANG_WARN_DOCUMENTATION_COMMENTS = YES;
				CLANG_WARN_EMPTY_BODY = YES;
				CLANG_WARN_ENUM_CONVERSION = YES;
				CLANG_WARN_INFINITE_RECURSION = YES;
				CLANG_WARN_INT_CONVERSION = YES;
				CLANG_WARN_NON_LITERAL_NULL_CONVERSION = YES;
				CLANG_WARN_OBJC_LITERAL_CONVERSION = YES;
				CLANG_WARN_OBJC_ROOT_CLASS = YES_ERROR;
				CLANG_WARN_RANGE_LOOP_ANALYSIS = YES;
				CLANG_WARN_STRICT_PROTOTYPES = YES;
				CLANG_WARN_SUSPICIOUS_MOVE = YES;
				CLANG_WARN_UNGUARDED_AVAILABILITY = YES_AGGRESSIVE;
				CLANG_WARN_UNREACHABLE_CODE = YES;
				CLANG_WARN__DUPLICATE_METHOD_MATCH = YES;
				CODE_SIGN_IDENTITY = "iPhone Developer";
				COPY_PHASE_STRIP = NO;
				DEBUG_INFORMATION_FORMAT = dwarf;
				ENABLE_STRICT_OBJC_MSGSEND = YES;
				ENABLE_TESTABILITY = YES;
				GCC_C_LANGUAGE_STANDARD = gnu11;
				GCC_DYNAMIC_NO_PIC = NO;
				GCC_NO_COMMON_BLOCKS = YES;
				GCC_OPTIMIZATION_LEVEL = 0;
				GCC_PREPROCESSOR_DEFINITIONS = (
					"DEBUG=1",
					"$(inherited)",
				);
				GCC_WARN_64_TO_32_BIT_CONVERSION = YES;
				GCC_WARN_ABOUT_RETURN_TYPE = YES_ERROR;
				GCC_WARN_UNDECLARED_SELECTOR = YES;
				GCC_WARN_UNINITIALIZED_AUTOS = YES_AGGRESSIVE;
				GCC_WARN_UNUSED_FUNCTION = YES;
				GCC_WARN_UNUSED_VARIABLE = YES;
				IPHONEOS_DEPLOYMENT_TARGET = 11.2;
				MTL_ENABLE_DEBUG_INFO = YES;
				ONLY_ACTIVE_ARCH = YES;
				SDKROOT = iphoneos;
				SWIFT_ACTIVE_COMPILATION_CONDITIONS = DEBUG;
				SWIFT_OPTIMIZATION_LEVEL = "-Onone";
			};
			name = Debug;
		};
		9FF6452F208080FA00AF291B /* Release */ = {
			isa = XCBuildConfiguration;
			buildSettings = {
				ALWAYS_SEARCH_USER_PATHS = NO;
				CLANG_ANALYZER_NONNULL = YES;
				CLANG_ANALYZER_NUMBER_OBJECT_CONVERSION = YES_AGGRESSIVE;
				CLANG_CXX_LANGUAGE_STANDARD = "gnu++14";
				CLANG_CXX_LIBRARY = "libc++";
				CLANG_ENABLE_MODULES = YES;
				CLANG_ENABLE_OBJC_ARC = YES;
				CLANG_WARN_BLOCK_CAPTURE_AUTORELEASING = YES;
				CLANG_WARN_BOOL_CONVERSION = YES;
				CLANG_WARN_COMMA = YES;
				CLANG_WARN_CONSTANT_CONVERSION = YES;
				CLANG_WARN_DIRECT_OBJC_ISA_USAGE = YES_ERROR;
				CLANG_WARN_DOCUMENTATION_COMMENTS = YES;
				CLANG_WARN_EMPTY_BODY = YES;
				CLANG_WARN_ENUM_CONVERSION = YES;
				CLANG_WARN_INFINITE_RECURSION = YES;
				CLANG_WARN_INT_CONVERSION = YES;
				CLANG_WARN_NON_LITERAL_NULL_CONVERSION = YES;
				CLANG_WARN_OBJC_LITERAL_CONVERSION = YES;
				CLANG_WARN_OBJC_ROOT_CLASS = YES_ERROR;
				CLANG_WARN_RANGE_LOOP_ANALYSIS = YES;
				CLANG_WARN_STRICT_PROTOTYPES = YES;
				CLANG_WARN_SUSPICIOUS_MOVE = YES;
				CLANG_WARN_UNGUARDED_AVAILABILITY = YES_AGGRESSIVE;
				CLANG_WARN_UNREACHABLE_CODE = YES;
				CLANG_WARN__DUPLICATE_METHOD_MATCH = YES;
				CODE_SIGN_IDENTITY = "iPhone Developer";
				COPY_PHASE_STRIP = NO;
				DEBUG_INFORMATION_FORMAT = "dwarf-with-dsym";
				ENABLE_NS_ASSERTIONS = NO;
				ENABLE_STRICT_OBJC_MSGSEND = YES;
				GCC_C_LANGUAGE_STANDARD = gnu11;
				GCC_NO_COMMON_BLOCKS = YES;
				GCC_WARN_64_TO_32_BIT_CONVERSION = YES;
				GCC_WARN_ABOUT_RETURN_TYPE = YES_ERROR;
				GCC_WARN_UNDECLARED_SELECTOR = YES;
				GCC_WARN_UNINITIALIZED_AUTOS = YES_AGGRESSIVE;
				GCC_WARN_UNUSED_FUNCTION = YES;
				GCC_WARN_UNUSED_VARIABLE = YES;
				IPHONEOS_DEPLOYMENT_TARGET = 11.2;
				MTL_ENABLE_DEBUG_INFO = NO;
				SDKROOT = iphoneos;
				SWIFT_OPTIMIZATION_LEVEL = "-Owholemodule";
				VALIDATE_PRODUCT = YES;
			};
			name = Release;
		};
		9FF64531208080FA00AF291B /* Debug */ = {
			isa = XCBuildConfiguration;
			buildSettings = {
				ASSETCATALOG_COMPILER_APPICON_NAME = AppIcon;
				CODE_SIGN_STYLE = Automatic;
				DEVELOPMENT_TEAM = GH466Z9456;
				INFOPLIST_FILE = TechMonster/Info.plist;
				IPHONEOS_DEPLOYMENT_TARGET = 11.2;
				LD_RUNPATH_SEARCH_PATHS = "$(inherited) @executable_path/Frameworks";
				PRODUCT_BUNDLE_IDENTIFIER = com.kapiha.TechMonster;
				PRODUCT_NAME = "$(TARGET_NAME)";
				SWIFT_VERSION = 4.0;
				TARGETED_DEVICE_FAMILY = "1,2";
			};
			name = Debug;
		};
		9FF64532208080FA00AF291B /* Release */ = {
			isa = XCBuildConfiguration;
			buildSettings = {
				ASSETCATALOG_COMPILER_APPICON_NAME = AppIcon;
				CODE_SIGN_STYLE = Automatic;
				DEVELOPMENT_TEAM = GH466Z9456;
				INFOPLIST_FILE = TechMonster/Info.plist;
				IPHONEOS_DEPLOYMENT_TARGET = 11.2;
				LD_RUNPATH_SEARCH_PATHS = "$(inherited) @executable_path/Frameworks";
				PRODUCT_BUNDLE_IDENTIFIER = com.kapiha.TechMonster;
				PRODUCT_NAME = "$(TARGET_NAME)";
				SWIFT_VERSION = 4.0;
				TARGETED_DEVICE_FAMILY = "1,2";
			};
			name = Release;
		};
		9FF64534208080FA00AF291B /* Debug */ = {
			isa = XCBuildConfiguration;
			buildSettings = {
				ALWAYS_EMBED_SWIFT_STANDARD_LIBRARIES = YES;
				BUNDLE_LOADER = "$(TEST_HOST)";
				CODE_SIGN_STYLE = Automatic;
				DEVELOPMENT_TEAM = GH466Z9456;
				INFOPLIST_FILE = TechMonsterTests/Info.plist;
				LD_RUNPATH_SEARCH_PATHS = "$(inherited) @executable_path/Frameworks @loader_path/Frameworks";
				PRODUCT_BUNDLE_IDENTIFIER = com.kapiha.TechMonsterTests;
				PRODUCT_NAME = "$(TARGET_NAME)";
				SWIFT_VERSION = 4.0;
				TARGETED_DEVICE_FAMILY = "1,2";
				TEST_HOST = "$(BUILT_PRODUCTS_DIR)/TechMonster.app/TechMonster";
			};
			name = Debug;
		};
		9FF64535208080FA00AF291B /* Release */ = {
			isa = XCBuildConfiguration;
			buildSettings = {
				ALWAYS_EMBED_SWIFT_STANDARD_LIBRARIES = YES;
				BUNDLE_LOADER = "$(TEST_HOST)";
				CODE_SIGN_STYLE = Automatic;
				DEVELOPMENT_TEAM = GH466Z9456;
				INFOPLIST_FILE = TechMonsterTests/Info.plist;
				LD_RUNPATH_SEARCH_PATHS = "$(inherited) @executable_path/Frameworks @loader_path/Frameworks";
				PRODUCT_BUNDLE_IDENTIFIER = com.kapiha.TechMonsterTests;
				PRODUCT_NAME = "$(TARGET_NAME)";
				SWIFT_VERSION = 4.0;
				TARGETED_DEVICE_FAMILY = "1,2";
				TEST_HOST = "$(BUILT_PRODUCTS_DIR)/TechMonster.app/TechMonster";
			};
			name = Release;
		};
		9FF64537208080FA00AF291B /* Debug */ = {
			isa = XCBuildConfiguration;
			buildSettings = {
				ALWAYS_EMBED_SWIFT_STANDARD_LIBRARIES = YES;
				CODE_SIGN_STYLE = Automatic;
				DEVELOPMENT_TEAM = GH466Z9456;
				INFOPLIST_FILE = TechMonsterUITests/Info.plist;
				LD_RUNPATH_SEARCH_PATHS = "$(inherited) @executable_path/Frameworks @loader_path/Frameworks";
				PRODUCT_BUNDLE_IDENTIFIER = com.kapiha.TechMonsterUITests;
				PRODUCT_NAME = "$(TARGET_NAME)";
				SWIFT_VERSION = 4.0;
				TARGETED_DEVICE_FAMILY = "1,2";
				TEST_TARGET_NAME = TechMonster;
			};
			name = Debug;
		};
		9FF64538208080FA00AF291B /* Release */ = {
			isa = XCBuildConfiguration;
			buildSettings = {
				ALWAYS_EMBED_SWIFT_STANDARD_LIBRARIES = YES;
				CODE_SIGN_STYLE = Automatic;
				DEVELOPMENT_TEAM = GH466Z9456;
				INFOPLIST_FILE = TechMonsterUITests/Info.plist;
				LD_RUNPATH_SEARCH_PATHS = "$(inherited) @executable_path/Frameworks @loader_path/Frameworks";
				PRODUCT_BUNDLE_IDENTIFIER = com.kapiha.TechMonsterUITests;
				PRODUCT_NAME = "$(TARGET_NAME)";
				SWIFT_VERSION = 4.0;
				TARGETED_DEVICE_FAMILY = "1,2";
				TEST_TARGET_NAME = TechMonster;
			};
			name = Release;
		};
/* End XCBuildConfiguration section */

/* Begin XCConfigurationList section */
		9FF64503208080FA00AF291B /* Build configuration list for PBXProject "TechMonster" */ = {
			isa = XCConfigurationList;
			buildConfigurations = (
				9FF6452E208080FA00AF291B /* Debug */,
				9FF6452F208080FA00AF291B /* Release */,
			);
			defaultConfigurationIsVisible = 0;
			defaultConfigurationName = Release;
		};
		9FF64530208080FA00AF291B /* Build configuration list for PBXNativeTarget "TechMonster" */ = {
			isa = XCConfigurationList;
			buildConfigurations = (
				9FF64531208080FA00AF291B /* Debug */,
				9FF64532208080FA00AF291B /* Release */,
			);
			defaultConfigurationIsVisible = 0;
			defaultConfigurationName = Release;
		};
		9FF64533208080FA00AF291B /* Build configuration list for PBXNativeTarget "TechMonsterTests" */ = {
			isa = XCConfigurationList;
			buildConfigurations = (
				9FF64534208080FA00AF291B /* Debug */,
				9FF64535208080FA00AF291B /* Release */,
			);
			defaultConfigurationIsVisible = 0;
			defaultConfigurationName = Release;
		};
		9FF64536208080FA00AF291B /* Build configuration list for PBXNativeTarget "TechMonsterUITests" */ = {
			isa = XCConfigurationList;
			buildConfigurations = (
				9FF64537208080FA00AF291B /* Debug */,
				9FF64538208080FA00AF291B /* Release */,
			);
			defaultConfigurationIsVisible = 0;
			defaultConfigurationName = Release;
		};
/* End XCConfigurationList section */
	};
	rootObject = 9FF64500208080FA00AF291B /* Project object */;
}
